# This file is automatically @generated by Cargo.
# It is not intended for manual editing.
version = 4

[[package]]
name = "aam-cli"
version = "0.1.0"
dependencies = [
 "aam-memory",
 "aam-switcher",
]

[[package]]
name = "aam-core"
version = "0.1.0"

[[package]]
name = "aam-gui"
version = "0.1.0"

[[package]]
name = "aam-memory"
version = "0.1.0"
dependencies = [
 "aam-sync",
 "aam-vault",
]

[[package]]
name = "aam-switcher"
version = "0.1.0"
dependencies = [
 "aam-sync",
 "aam-vault",
]

[[package]]
name = "aam-sync"
version = "0.1.0"
dependencies = [
 "aam-core",
]

[[package]]
name = "aam-vault"
version = "0.1.0"
dependencies = [
 "aam-core",
]
